
Microsoft Visual Studio Solution File, Format Version 12.00
# Visual Studio Version 16
VisualStudioVersion = 16.0.31205.134
MinimumVisualStudioVersion = 10.0.40219.1
Project("{FAE04EC0-301F-11D3-BF4B-00C04F79EFBC}") = "CoreSignalRCrud", "CoreSignalRCrud\CoreSignalRCrud.csproj", "{517C030B-0E78-4A2D-8565-89BA863A4A38}"
EndProject
Global
	GlobalSection(SolutionConfigurationPlatforms) = preSolution
		Debug|Any CPU = Debug|Any CPU
		Release|Any CPU = Release|Any CPU
	EndGlobalSection
	GlobalSection(ProjectConfigurationPlatforms) = postSolution
		{517C030B-0E78-4A2D-8565-89BA863A4A38}.Debug|Any CPU.ActiveCfg = Debug|Any CPU
		{517C030B-0E78-4A2D-8565-89BA863A4A38}.Debug|Any CPU.Build.0 = Debug|Any CPU
		{517C030B-0E78-4A2D-8565-89BA863A4A38}.Release|Any CPU.ActiveCfg = Release|Any CPU
		{517C030B-0E78-4A2D-8565-89BA863A4A38}.Release|Any CPU.Build.0 = Release|Any CPU
	EndGlobalSection
	GlobalSection(SolutionProperties) = preSolution
		HideSolutionNode = FALSE
	EndGlobalSection
	GlobalSection(ExtensibilityGlobals) = postSolution
		SolutionGuid = {00B0C6B2-F6BE-4AAE-8023-0FC07C93C53B}
	EndGlobalSection
EndGlobal
